// !$*UTF8*$!
{
	archiveVersion = 1;
	classes = {
	};
	objectVersion = 46;
	objects = {

/* Begin PBXBuildFile section */
		88A25F641C2352C900EB212A /* main.m in Sources */ = {isa = PBXBuildFile; fileRef = 88A25F631C2352C900EB212A /* main.m */; };
		88A25F671C2352C900EB212A /* AppDelegate.m in Sources */ = {isa = PBXBuildFile; fileRef = 88A25F661C2352C900EB212A /* AppDelegate.m */; };
		88A25F6A1C2352C900EB212A /* ViewController.m in Sources */ = {isa = PBXBuildFile; fileRef = 88A25F691C2352C900EB212A /* ViewController.m */; };
		88A25F6D1C2352C900EB212A /* Main.storyboard in Resources */ = {isa = PBXBuildFile; fileRef = 88A25F6B1C2352C900EB212A /* Main.storyboard */; };
		88A25F6F1C2352C900EB212A /* Assets.xcassets in Resources */ = {isa = PBXBuildFile; fileRef = 88A25F6E1C2352C900EB212A /* Assets.xcassets */; };
		88A25F7D1C2352C900EB212A /* sampleTests.m in Sources */ = {isa = PBXBuildFile; fileRef = 88A25F7C1C2352C900EB212A /* sampleTests.m */; };
		88A25F881C23539700EB212A /* libKIF.a in Frameworks */ = {isa = PBXBuildFile; fileRef = 88A25F871C23539700EB212A /* libKIF.a */; };
		88A25F8A1C2353FF00EB212A /* CoreGraphics.framework in Frameworks */ = {isa = PBXBuildFile; fileRef = 88A25F891C2353FF00EB212A /* CoreGraphics.framework */; };
/* End PBXBuildFile section */

/* Begin PBXContainerItemProxy section */
		5AE506481C23608700B2442A /* PBXContainerItemProxy */ = {
			isa = PBXContainerItemProxy;
			containerPortal = 5AE506401C23608700B2442A /* KIF.xcodeproj */;
			proxyType = 2;
			remoteGlobalIDString = EABD46AA1857A0C700A5F081;
			remoteInfo = KIF;
		};
		5AE5064A1C23608700B2442A /* PBXContainerItemProxy */ = {
			isa = PBXContainerItemProxy;
			containerPortal = 5AE506401C23608700B2442A /* KIF.xcodeproj */;
			proxyType = 2;
			remoteGlobalIDString = EB60ECC1177F8C83005A041A;
			remoteInfo = "Test Host";
		};
		5AE5064C1C23608700B2442A /* PBXContainerItemProxy */ = {
			isa = PBXContainerItemProxy;
			containerPortal = 5AE506401C23608700B2442A /* KIF.xcodeproj */;
			proxyType = 2;
			remoteGlobalIDString = EABD46CD1857A0F300A5F081;
			remoteInfo = "KIF Tests";
		};
		5AE5064E1C23608700B2442A /* PBXContainerItemProxy */ = {
			isa = PBXContainerItemProxy;
			containerPortal = 5AE506401C23608700B2442A /* KIF.xcodeproj */;
			proxyType = 2;
			remoteGlobalIDString = 9CC9673B1AD4B1B600576D13;
			remoteInfo = KIFFramework;
		};
		5AE506501C23609700B2442A /* PBXContainerItemProxy */ = {
			isa = PBXContainerItemProxy;
			containerPortal = 5AE506401C23608700B2442A /* KIF.xcodeproj */;
			proxyType = 1;
			remoteGlobalIDString = EABD46791857A0C700A5F081;
			remoteInfo = KIF;
		};
		88A25F791C2352C900EB212A /* PBXContainerItemProxy */ = {
			isa = PBXContainerItemProxy;
			containerPortal = 88A25F571C2352C900EB212A /* Project object */;
			proxyType = 1;
			remoteGlobalIDString = 88A25F5E1C2352C900EB212A;
			remoteInfo = sample;
		};
/* End PBXContainerItemProxy section */

/* Begin PBXFileReference section */
		5AE506401C23608700B2442A /* KIF.xcodeproj */ = {isa = PBXFileReference; lastKnownFileType = "wrapper.pb-project"; name = KIF.xcodeproj; path = sampleTests/KIF/KIF.xcodeproj; sourceTree = "<group>"; };
		88A25F5F1C2352C900EB212A /* sample.app */ = {isa = PBXFileReference; explicitFileType = wrapper.application; includeInIndex = 0; path = sample.app; sourceTree = BUILT_PRODUCTS_DIR; };
		88A25F631C2352C900EB212A /* main.m */ = {isa = PBXFileReference; lastKnownFileType = sourcecode.c.objc; path = main.m; sourceTree = "<group>"; };
		88A25F651C2352C900EB212A /* AppDelegate.h */ = {isa = PBXFileReference; lastKnownFileType = sourcecode.c.h; path = AppDelegate.h; sourceTree = "<group>"; };
		88A25F661C2352C900EB212A /* AppDelegate.m */ = {isa = PBXFileReference; lastKnownFileType = sourcecode.c.objc; path = AppDelegate.m; sourceTree = "<group>"; };
		88A25F681C2352C900EB212A /* ViewController.h */ = {isa = PBXFileReference; lastKnownFileType = sourcecode.c.h; path = ViewController.h; sourceTree = "<group>"; };
		88A25F691C2352C900EB212A /* ViewController.m */ = {isa = PBXFileReference; lastKnownFileType = sourcecode.c.objc; path = ViewController.m; sourceTree = "<group>"; };
		88A25F6C1C2352C900EB212A /* Base */ = {isa = PBXFileReference; lastKnownFileType = file.storyboard; name = Base; path = Base.lproj/Main.storyboard; sourceTree = "<group>"; };
		88A25F6E1C2352C900EB212A /* Assets.xcassets */ = {isa = PBXFileReference; lastKnownFileType = folder.assetcatalog; path = Assets.xcassets; sourceTree = "<group>"; };
		88A25F731C2352C900EB212A /* Info.plist */ = {isa = PBXFileReference; lastKnownFileType = text.plist.xml; path = Info.plist; sourceTree = "<group>"; };
		88A25F781C2352C900EB212A /* sampleTests.xctest */ = {isa = PBXFileReference; explicitFileType = wrapper.cfbundle; includeInIndex = 0; path = sampleTests.xctest; sourceTree = BUILT_PRODUCTS_DIR; };
		88A25F7C1C2352C900EB212A /* sampleTests.m */ = {isa = PBXFileReference; lastKnownFileType = sourcecode.c.objc; path = sampleTests.m; sourceTree = "<group>"; };
		88A25F7E1C2352C900EB212A /* Info.plist */ = {isa = PBXFileReference; lastKnownFileType = text.plist.xml; path = Info.plist; sourceTree = "<group>"; };
		88A25F871C23539700EB212A /* libKIF.a */ = {isa = PBXFileReference; lastKnownFileType = archive.ar; name = libKIF.a; path = "sampleTests/KIF/build/Debug-iphoneos/libKIF.a"; sourceTree = "<group>"; };
		88A25F891C2353FF00EB212A /* CoreGraphics.framework */ = {isa = PBXFileReference; lastKnownFileType = wrapper.framework; name = CoreGraphics.framework; path = System/Library/Frameworks/CoreGraphics.framework; sourceTree = SDKROOT; };
/* End PBXFileReference section */

/* Begin PBXFrameworksBuildPhase section */
		88A25F5C1C2352C900EB212A /* Frameworks */ = {
			isa = PBXFrameworksBuildPhase;
			buildActionMask = 2147483647;
			files = (
			);
			runOnlyForDeploymentPostprocessing = 0;
		};
		88A25F751C2352C900EB212A /* Frameworks */ = {
			isa = PBXFrameworksBuildPhase;
			buildActionMask = 2147483647;
			files = (
				88A25F8A1C2353FF00EB212A /* CoreGraphics.framework in Frameworks */,
				88A25F881C23539700EB212A /* libKIF.a in Frameworks */,
			);
			runOnlyForDeploymentPostprocessing = 0;
		};
/* End PBXFrameworksBuildPhase section */

/* Begin PBXGroup section */
		5AE5063F1C23607300B2442A /* TestFrameworks */ = {
			isa = PBXGroup;
			children = (
				5AE506401C23608700B2442A /* KIF.xcodeproj */,
			);
			name = TestFrameworks;
			sourceTree = "<group>";
		};
		5AE506411C23608700B2442A /* Products */ = {
			isa = PBXGroup;
			children = (
				5AE506491C23608700B2442A /* libKIF.a */,
				5AE5064B1C23608700B2442A /* Test Host.app */,
				5AE5064D1C23608700B2442A /* KIF Tests - XCTest.xctest */,
				5AE5064F1C23608700B2442A /* KIF.framework */,
			);
			name = Products;
			sourceTree = "<group>";
		};
		88A25F561C2352C900EB212A = {
			isa = PBXGroup;
			children = (
				88A25F891C2353FF00EB212A /* CoreGraphics.framework */,
				88A25F871C23539700EB212A /* libKIF.a */,
				88A25F611C2352C900EB212A /* sample */,
				88A25F7B1C2352C900EB212A /* sampleTests */,
				5AE5063F1C23607300B2442A /* TestFrameworks */,
				88A25F601C2352C900EB212A /* Products */,
			);
			sourceTree = "<group>";
		};
		88A25F601C2352C900EB212A /* Products */ = {
			isa = PBXGroup;
			children = (
				88A25F5F1C2352C900EB212A /* sample.app */,
				88A25F781C2352C900EB212A /* sampleTests.xctest */,
			);
			name = Products;
			sourceTree = "<group>";
		};
		88A25F611C2352C900EB212A /* sample */ = {
			isa = PBXGroup;
			children = (
				88A25F651C2352C900EB212A /* AppDelegate.h */,
				88A25F661C2352C900EB212A /* AppDelegate.m */,
				88A25F681C2352C900EB212A /* ViewController.h */,
				88A25F691C2352C900EB212A /* ViewController.m */,
				88A25F6B1C2352C900EB212A /* Main.storyboard */,
				88A25F6E1C2352C900EB212A /* Assets.xcassets */,
				88A25F731C2352C900EB212A /* Info.plist */,
				88A25F621C2352C900EB212A /* Supporting Files */,
			);
			path = sample;
			sourceTree = "<group>";
		};
		88A25F621C2352C900EB212A /* Supporting Files */ = {
			isa = PBXGroup;
			children = (
				88A25F631C2352C900EB212A /* main.m */,
			);
			name = "Supporting Files";
			sourceTree = "<group>";
		};
		88A25F7B1C2352C900EB212A /* sampleTests */ = {
			isa = PBXGroup;
			children = (
				88A25F7C1C2352C900EB212A /* sampleTests.m */,
				88A25F7E1C2352C900EB212A /* Info.plist */,
			);
			path = sampleTests;
			sourceTree = "<group>";
		};
/* End PBXGroup section */

/* Begin PBXNativeTarget section */
		88A25F5E1C2352C900EB212A /* sample */ = {
			isa = PBXNativeTarget;
			buildConfigurationList = 88A25F811C2352C900EB212A /* Build configuration list for PBXNativeTarget "sample" */;
			buildPhases = (
				88A25F5B1C2352C900EB212A /* Sources */,
				88A25F5C1C2352C900EB212A /* Frameworks */,
				88A25F5D1C2352C900EB212A /* Resources */,
			);
			buildRules = (
			);
			dependencies = (
			);
			name = sample;
			productName = sample;
			productReference = 88A25F5F1C2352C900EB212A /* sample.app */;
			productType = "com.apple.product-type.application";
		};
		88A25F771C2352C900EB212A /* sampleTests */ = {
			isa = PBXNativeTarget;
			buildConfigurationList = 88A25F841C2352C900EB212A /* Build configuration list for PBXNativeTarget "sampleTests" */;
			buildPhases = (
				88A25F741C2352C900EB212A /* Sources */,
				88A25F751C2352C900EB212A /* Frameworks */,
				88A25F761C2352C900EB212A /* Resources */,
			);
			buildRules = (
			);
			dependencies = (
				5AE506511C23609700B2442A /* PBXTargetDependency */,
				88A25F7A1C2352C900EB212A /* PBXTargetDependency */,
			);
			name = sampleTests;
			productName = sampleTests;
			productReference = 88A25F781C2352C900EB212A /* sampleTests.xctest */;
			productType = "com.apple.product-type.bundle.unit-test";
		};
/* End PBXNativeTarget section */

/* Begin PBXProject section */
		88A25F571C2352C900EB212A /* Project object */ = {
			isa = PBXProject;
			attributes = {
				LastUpgradeCheck = 0700;
				ORGANIZATIONNAME = xyz;
				TargetAttributes = {
					88A25F5E1C2352C900EB212A = {
						CreatedOnToolsVersion = 7.0;
					};
					88A25F771C2352C900EB212A = {
						CreatedOnToolsVersion = 7.0;
						TestTargetID = 88A25F5E1C2352C900EB212A;
					};
				};
			};
			buildConfigurationList = 88A25F5A1C2352C900EB212A /* Build configuration list for PBXProject "sample" */;
			compatibilityVersion = "Xcode 3.2";
			developmentRegion = English;
			hasScannedForEncodings = 0;
			knownRegions = (
				en,
				Base,
			);
			mainGroup = 88A25F561C2352C900EB212A;
			productRefGroup = 88A25F601C2352C900EB212A /* Products */;
			projectDirPath = "";
			projectReferences = (
				{
					ProductGroup = 5AE506411C23608700B2442A /* Products */;
					ProjectRef = 5AE506401C23608700B2442A /* KIF.xcodeproj */;
				},
			);
			projectRoot = "";
			targets = (
				88A25F5E1C2352C900EB212A /* sample */,
				88A25F771C2352C900EB212A /* sampleTests */,
			);
		};
/* End PBXProject section */

/* Begin PBXReferenceProxy section */
		5AE506491C23608700B2442A /* libKIF.a */ = {
			isa = PBXReferenceProxy;
			fileType = archive.ar;
			path = libKIF.a;
			remoteRef = 5AE506481C23608700B2442A /* PBXContainerItemProxy */;
			sourceTree = BUILT_PRODUCTS_DIR;
		};
		5AE5064B1C23608700B2442A /* Test Host.app */ = {
			isa = PBXReferenceProxy;
			fileType = wrapper.application;
			path = "Test Host.app";
			remoteRef = 5AE5064A1C23608700B2442A /* PBXContainerItemProxy */;
			sourceTree = BUILT_PRODUCTS_DIR;
		};
		5AE5064D1C23608700B2442A /* KIF Tests - XCTest.xctest */ = {
			isa = PBXReferenceProxy;
			fileType = wrapper.cfbundle;
			path = "KIF Tests - XCTest.xctest";
			remoteRef = 5AE5064C1C23608700B2442A /* PBXContainerItemProxy */;
			sourceTree = BUILT_PRODUCTS_DIR;
		};
		5AE5064F1C23608700B2442A /* KIF.framework */ = {
			isa = PBXReferenceProxy;
			fileType = wrapper.framework;
			path = KIF.framework;
			remoteRef = 5AE5064E1C23608700B2442A /* PBXContainerItemProxy */;
			sourceTree = BUILT_PRODUCTS_DIR;
		};
/* End PBXReferenceProxy section */

/* Begin PBXResourcesBuildPhase section */
		88A25F5D1C2352C900EB212A /* Resources */ = {
			isa = PBXResourcesBuildPhase;
			buildActionMask = 2147483647;
			files = (
				88A25F6F1C2352C900EB212A /* Assets.xcassets in Resources */,
				88A25F6D1C2352C900EB212A /* Main.storyboard in Resources */,
			);
			runOnlyForDeploymentPostprocessing = 0;
		};
		88A25F761C2352C900EB212A /* Resources */ = {
			isa = PBXResourcesBuildPhase;
			buildActionMask = 2147483647;
			files = (
			);
			runOnlyForDeploymentPostprocessing = 0;
		};
/* End PBXResourcesBuildPhase section */

/* Begin PBXSourcesBuildPhase section */
		88A25F5B1C2352C900EB212A /* Sources */ = {
			isa = PBXSourcesBuildPhase;
			buildActionMask = 2147483647;
			files = (
				88A25F6A1C2352C900EB212A /* ViewController.m in Sources */,
				88A25F671C2352C900EB212A /* AppDelegate.m in Sources */,
				88A25F641C2352C900EB212A /* main.m in Sources */,
			);
			runOnlyForDeploymentPostprocessing = 0;
		};
		88A25F741C2352C900EB212A /* Sources */ = {
			isa = PBXSourcesBuildPhase;
			buildActionMask = 2147483647;
			files = (
				88A25F7D1C2352C900EB212A /* sampleTests.m in Sources */,
			);
			runOnlyForDeploymentPostprocessing = 0;
		};
/* End PBXSourcesBuildPhase section */

/* Begin PBXTargetDependency section */
		5AE506511C23609700B2442A /* PBXTargetDependency */ = {
			isa = PBXTargetDependency;
			name = KIF;
			targetProxy = 5AE506501C23609700B2442A /* PBXContainerItemProxy */;
		};
		88A25F7A1C2352C900EB212A /* PBXTargetDependency */ = {
			isa = PBXTargetDependency;
			target = 88A25F5E1C2352C900EB212A /* sample */;
			targetProxy = 88A25F791C2352C900EB212A /* PBXContainerItemProxy */;
		};
/* End PBXTargetDependency section */

/* Begin PBXVariantGroup section */
		88A25F6B1C2352C900EB212A /* Main.storyboard */ = {
			isa = PBXVariantGroup;
			children = (
				88A25F6C1C2352C900EB212A /* Base */,
			);
			name = Main.storyboard;
			sourceTree = "<group>";
		};
/* End PBXVariantGroup section */

/* Begin XCBuildConfiguration section */
		88A25F7F1C2352C900EB212A /* Debug */ = {
			isa = XCBuildConfiguration;
			buildSettings = {
				ALWAYS_SEARCH_USER_PATHS = NO;
				CLANG_CXX_LANGUAGE_STANDARD = "gnu++0x";
				CLANG_CXX_LIBRARY = "libc++";
				CLANG_ENABLE_MODULES = YES;
				CLANG_ENABLE_OBJC_ARC = YES;
				CLANG_WARN_BOOL_CONVERSION = YES;
				CLANG_WARN_CONSTANT_CONVERSION = YES;
				CLANG_WARN_DIRECT_OBJC_ISA_USAGE = YES_ERROR;
				CLANG_WARN_EMPTY_BODY = YES;
				CLANG_WARN_ENUM_CONVERSION = YES;
				CLANG_WARN_INT_CONVERSION = YES;
				CLANG_WARN_OBJC_ROOT_CLASS = YES_ERROR;
				CLANG_WARN_UNREACHABLE_CODE = YES;
				CLANG_WARN__DUPLICATE_METHOD_MATCH = YES;
				"CODE_SIGN_IDENTITY[sdk=iphoneos*]" = "iPhone Developer";
				COPY_PHASE_STRIP = NO;
				DEBUG_INFORMATION_FORMAT = dwarf;
				ENABLE_STRICT_OBJC_MSGSEND = YES;
				ENABLE_TESTABILITY = YES;
				GCC_C_LANGUAGE_STANDARD = gnu99;
				GCC_DYNAMIC_NO_PIC = NO;
				GCC_NO_COMMON_BLOCKS = YES;
				GCC_OPTIMIZATION_LEVEL = 0;
				GCC_PREPROCESSOR_DEFINITIONS = (
					"DEBUG=1",
					"$(inherited)",
				);
				GCC_WARN_64_TO_32_BIT_CONVERSION = YES;
				GCC_WARN_ABOUT_RETURN_TYPE = YES_ERROR;
				GCC_WARN_UNDECLARED_SELECTOR = YES;
				GCC_WARN_UNINITIALIZED_AUTOS = YES_AGGRESSIVE;
				GCC_WARN_UNUSED_FUNCTION = YES;
				GCC_WARN_UNUSED_VARIABLE = YES;
				IPHONEOS_DEPLOYMENT_TARGET = 8.0;
				MTL_ENABLE_DEBUG_INFO = YES;
				ONLY_ACTIVE_ARCH = YES;
				SDKROOT = iphoneos;
				TARGETED_DEVICE_FAMILY = "1,2";
			};
			name = Debug;
		};
		88A25F801C2352C900EB212A /* Release */ = {
			isa = XCBuildConfiguration;
			buildSettings = {
				ALWAYS_SEARCH_USER_PATHS = NO;
				CLANG_CXX_LANGUAGE_STANDARD = "gnu++0x";
				CLANG_CXX_LIBRARY = "libc++";
				CLANG_ENABLE_MODULES = YES;
				CLANG_ENABLE_OBJC_ARC = YES;
				CLANG_WARN_BOOL_CONVERSION = YES;
				CLANG_WARN_CONSTANT_CONVERSION = YES;
				CLANG_WARN_DIRECT_OBJC_ISA_USAGE = YES_ERROR;
				CLANG_WARN_EMPTY_BODY = YES;
				CLANG_WARN_ENUM_CONVERSION = YES;
				CLANG_WARN_INT_CONVERSION = YES;
				CLANG_WARN_OBJC_ROOT_CLASS = YES_ERROR;
				CLANG_WARN_UNREACHABLE_CODE = YES;
				CLANG_WARN__DUPLICATE_METHOD_MATCH = YES;
				"CODE_SIGN_IDENTITY[sdk=iphoneos*]" = "iPhone Developer";
				COPY_PHASE_STRIP = NO;
				DEBUG_INFORMATION_FORMAT = "dwarf-with-dsym";
				ENABLE_NS_ASSERTIONS = NO;
				ENABLE_STRICT_OBJC_MSGSEND = YES;
				GCC_C_LANGUAGE_STANDARD = gnu99;
				GCC_NO_COMMON_BLOCKS = YES;
				GCC_WARN_64_TO_32_BIT_CONVERSION = YES;
				GCC_WARN_ABOUT_RETURN_TYPE = YES_ERROR;
				GCC_WARN_UNDECLARED_SELECTOR = YES;
				GCC_WARN_UNINITIALIZED_AUTOS = YES_AGGRESSIVE;
				GCC_WARN_UNUSED_FUNCTION = YES;
				GCC_WARN_UNUSED_VARIABLE = YES;
				IPHONEOS_DEPLOYMENT_TARGET = 8.0;
				MTL_ENABLE_DEBUG_INFO = NO;
				SDKROOT = iphoneos;
				TARGETED_DEVICE_FAMILY = "1,2";
				VALIDATE_PRODUCT = YES;
			};
			name = Release;
		};
		88A25F821C2352C900EB212A /* Debug */ = {
			isa = XCBuildConfiguration;
			buildSettings = {
				ASSETCATALOG_COMPILER_APPICON_NAME = AppIcon;
				INFOPLIST_FILE = sample/Info.plist;
				LD_RUNPATH_SEARCH_PATHS = "$(inherited) @executable_path/Frameworks";
				PRODUCT_BUNDLE_IDENTIFIER = com.xyz.sample;
				PRODUCT_NAME = "$(TARGET_NAME)";
			};
			name = Debug;
		};
		88A25F831C2352C900EB212A /* Release */ = {
			isa = XCBuildConfiguration;
			buildSettings = {
				ASSETCATALOG_COMPILER_APPICON_NAME = AppIcon;
				INFOPLIST_FILE = sample/Info.plist;
				LD_RUNPATH_SEARCH_PATHS = "$(inherited) @executable_path/Frameworks";
				PRODUCT_BUNDLE_IDENTIFIER = com.xyz.sample;
				PRODUCT_NAME = "$(TARGET_NAME)";
			};
			name = Release;
		};
		88A25F851C2352C900EB212A /* Debug */ = {
			isa = XCBuildConfiguration;
			buildSettings = {
				ALWAYS_SEARCH_USER_PATHS = YES;
				BUNDLE_LOADER = "$(TEST_HOST)";
				EXCLUDED_RECURSIVE_SEARCH_PATH_SUBDIRECTORIES = "*.nib *.lproj *.gch *.xcode* *.xcassets (*) .DS_Store CVS .svn .git .hg *.pbproj *.pbxproj";
				FRAMEWORK_SEARCH_PATHS = "$(BUILD_DIR)/$(CONFIGURATION)$(EFFECTIVE_PLATFORM_NAME)";
				HEADER_SEARCH_PATHS = "$(SRCROOT)/SampleTests/KIF/**";
				INFOPLIST_FILE = sampleTests/Info.plist;
				LD_RUNPATH_SEARCH_PATHS = "$(inherited) @executable_path/Frameworks @loader_path/Frameworks";
				LIBRARY_SEARCH_PATHS = (
					"$(inherited)",
					"$(PROJECT_DIR)/sampleTests/KIF/build/Debug-iphoneos",
					"$(SRCROOT)/SampleTests/KIF/**",
				);
				OTHER_LDFLAGS = (
					"-ObjC",
					"-framework",
					IOKit,
				);
				PRODUCT_BUNDLE_IDENTIFIER = com.xyz.sampleTests;
				PRODUCT_NAME = "$(TARGET_NAME)";
				TEST_HOST = "$(BUILT_PRODUCTS_DIR)/sample.app/sample";
				USER_HEADER_SEARCH_PATHS = "$(SRCROOT)/SampleTests/KIF/**";
			};
			name = Debug;
		};
		88A25F861C2352C900EB212A /* Release */ = {
			isa = XCBuildConfiguration;
			buildSettings = {
				ALWAYS_SEARCH_USER_PATHS = YES;
				BUNDLE_LOADER = "$(TEST_HOST)";
				EXCLUDED_RECURSIVE_SEARCH_PATH_SUBDIRECTORIES = "*.nib *.lproj *.gch *.xcode* *.xcassets (*) .DS_Store CVS .svn .git .hg *.pbproj *.pbxproj";
				FRAMEWORK_SEARCH_PATHS = "$(BUILD_DIR)/$(CONFIGURATION)$(EFFECTIVE_PLATFORM_NAME)";
				HEADER_SEARCH_PATHS = "$(SRCROOT)/SampleTests/KIF/**";
				INFOPLIST_FILE = sampleTests/Info.plist;
				LD_RUNPATH_SEARCH_PATHS = "$(inherited) @executable_path/Frameworks @loader_path/Frameworks";
				LIBRARY_SEARCH_PATHS = (
					"$(inherited)",
					"$(PROJECT_DIR)/sampleTests/KIF/build/Debug-iphoneos",
					"$(SRCROOT)/SampleTests/KIF/**",
				);
				OTHER_LDFLAGS = (
					"-ObjC",
					"-framework",
					IOKit,
				);
				PRODUCT_BUNDLE_IDENTIFIER = com.xyz.sampleTests;
				PRODUCT_NAME = "$(TARGET_NAME)";
				TEST_HOST = "$(BUILT_PRODUCTS_DIR)/sample.app/sample";
				USER_HEADER_SEARCH_PATHS = "$(SRCROOT)/SampleTests/KIF/**";
			};
			name = Release;
		};
/* End XCBuildConfiguration section */

/* Begin XCConfigurationList section */
		88A25F5A1C2352C900EB212A /* Build configuration list for PBXProject "sample" */ = {
			isa = XCConfigurationList;
			buildConfigurations = (
				88A25F7F1C2352C900EB212A /* Debug */,
				88A25F801C2352C900EB212A /* Release */,
			);
			defaultConfigurationIsVisible = 0;
			defaultConfigurationName = Debug;
		};
		88A25F811C2352C900EB212A /* Build configuration list for PBXNativeTarget "sample" */ = {
			isa = XCConfigurationList;
			buildConfigurations = (
				88A25F821C2352C900EB212A /* Debug */,
				88A25F831C2352C900EB212A /* Release */,
			);
			defaultConfigurationIsVisible = 0;
			defaultConfigurationName = Debug;
		};
		88A25F841C2352C900EB212A /* Build configuration list for PBXNativeTarget "sampleTests" */ = {
			isa = XCConfigurationList;
			buildConfigurations = (
				88A25F851C2352C900EB212A /* Debug */,
				88A25F861C2352C900EB212A /* Release */,
			);
			defaultConfigurationIsVisible = 0;
			defaultConfigurationName = Debug;
		};
/* End XCConfigurationList section */
	};
	rootObject = 88A25F571C2352C900EB212A /* Project object */;
}
